
Microsoft Visual Studio Solution File, Format Version 12.00
# Visual Studio Version 17
VisualStudioVersion = 17.4.32804.182
MinimumVisualStudioVersion = 10.0.40219.1
Project("{2150E333-8FDC-42A3-9474-1A3956D46DE8}") = "Services", "Services", "{7EA57C35-B01A-400D-8592-F938AEBB61DC}"
EndProject
Project("{2150E333-8FDC-42A3-9474-1A3956D46DE8}") = "Catalog", "Catalog", "{152DFCF9-FBB1-44BB-8EB1-9D59EFA0791D}"
EndProject
Project("{9A19103F-16F7-4668-BE54-9A1E7A4F7556}") = "Catalog.Api", "services\catalog\Catalog.Api\Catalog.Api.csproj", "{9592D9BC-BED9-43FD-8CDA-EC03188D1FC4}"
EndProject
Project("{E53339B2-1760-4266-BCC7-CA923CBCF16C}") = "docker-compose", "docker-compose.dcproj", "{2A8E120A-099C-493E-9947-0D889C787BB6}"
EndProject
Global
	GlobalSection(SolutionConfigurationPlatforms) = preSolution
		Debug|Any CPU = Debug|Any CPU
		Release|Any CPU = Release|Any CPU
	EndGlobalSection
	GlobalSection(ProjectConfigurationPlatforms) = postSolution
		{9592D9BC-BED9-43FD-8CDA-EC03188D1FC4}.Debug|Any CPU.ActiveCfg = Debug|Any CPU
		{9592D9BC-BED9-43FD-8CDA-EC03188D1FC4}.Debug|Any CPU.Build.0 = Debug|Any CPU
		{9592D9BC-BED9-43FD-8CDA-EC03188D1FC4}.Release|Any CPU.ActiveCfg = Release|Any CPU
		{9592D9BC-BED9-43FD-8CDA-EC03188D1FC4}.Release|Any CPU.Build.0 = Release|Any CPU
		{2A8E120A-099C-493E-9947-0D889C787BB6}.Debug|Any CPU.ActiveCfg = Debug|Any CPU
		{2A8E120A-099C-493E-9947-0D889C787BB6}.Debug|Any CPU.Build.0 = Debug|Any CPU
		{2A8E120A-099C-493E-9947-0D889C787BB6}.Release|Any CPU.ActiveCfg = Release|Any CPU
		{2A8E120A-099C-493E-9947-0D889C787BB6}.Release|Any CPU.Build.0 = Release|Any CPU
	EndGlobalSection
	GlobalSection(SolutionProperties) = preSolution
		HideSolutionNode = FALSE
	EndGlobalSection
	GlobalSection(NestedProjects) = preSolution
		{152DFCF9-FBB1-44BB-8EB1-9D59EFA0791D} = {7EA57C35-B01A-400D-8592-F938AEBB61DC}
		{9592D9BC-BED9-43FD-8CDA-EC03188D1FC4} = {152DFCF9-FBB1-44BB-8EB1-9D59EFA0791D}
	EndGlobalSection
	GlobalSection(ExtensibilityGlobals) = postSolution
		SolutionGuid = {BBCE526D-7BB0-4ED6-8E25-1D9E8DB54613}
	EndGlobalSection
EndGlobal
